
Microsoft Visual Studio Solution File, Format Version 12.00
# Visual Studio 14
VisualStudioVersion = 14.0.23107.0
MinimumVisualStudioVersion = 10.0.40219.1
Project("{FAE04EC0-301F-11D3-BF4B-00C04F79EFBC}") = "Tehtava1", "Tehtava1\Tehtava1.csproj", "{BBFDB3F8-2232-4C51-A154-1DFFF2E75FE7}"
EndProject
Project("{FAE04EC0-301F-11D3-BF4B-00C04F79EFBC}") = "H1MediaPlayer", "H1MediaPlayer\H1MediaPlayer.csproj", "{5B5C5E54-9599-4ABA-A52B-D80DC91AC298}"
EndProject
Project("{FAE04EC0-301F-11D3-BF4B-00C04F79EFBC}") = "Tehtava2_WinLotto", "Tehtava2_WinLotto\Tehtava2_WinLotto.csproj", "{511DF639-C5B9-4547-9EEF-B343BA40F0A6}"
EndProject
Project("{FAE04EC0-301F-11D3-BF4B-00C04F79EFBC}") = "H3MittausData", "H3MittausData\H3MittausData.csproj", "{8E18F019-4FFD-4202-9C73-0EA0DAE3521B}"
EndProject
Project("{FAE04EC0-301F-11D3-BF4B-00C04F79EFBC}") = "TyontekijatKonsoli", "TyontekijatKonsoli\TyontekijatKonsoli.csproj", "{32AC2BCC-658C-4E00-9E2F-622ABB660ABB}"
EndProject
Project("{FAE04EC0-301F-11D3-BF4B-00C04F79EFBC}") = "SMLiiga", "SMLiiga\SMLiiga.csproj", "{266523B5-267F-406F-AB48-A340C3D4A46D}"
EndProject
Project("{FAE04EC0-301F-11D3-BF4B-00C04F79EFBC}") = "TyontekijatWPF", "TyontekijatWPF\TyontekijatWPF.csproj", "{4FF94537-F7BE-4E8A-93F6-E1A2FC933AAA}"
EndProject
Project("{FAE04EC0-301F-11D3-BF4B-00C04F79EFBC}") = "XmlMovies", "XmlMovies\XmlMovies.csproj", "{E885490A-4B3F-43B9-87D8-19E45D0D5B0E}"
EndProject
Project("{FAE04EC0-301F-11D3-BF4B-00C04F79EFBC}") = "Viinikellari", "Viinikellari\Viinikellari.csproj", "{6564B841-DB53-4784-8F5A-38AEB3AC1960}"
EndProject
Project("{FAE04EC0-301F-11D3-BF4B-00C04F79EFBC}") = "H6DataBinding", "H6DataBinding\H6DataBinding.csproj", "{DC814B64-2FBC-4F4D-97E0-BF1CB81C7728}"
EndProject
Project("{FAE04EC0-301F-11D3-BF4B-00C04F79EFBC}") = "H7adonetconsole", "H7adonetconsole\H7adonetconsole.csproj", "{BCBBC0E8-20EC-4FC9-81FE-097FB1BB1748}"
EndProject
Project("{FAE04EC0-301F-11D3-BF4B-00C04F79EFBC}") = "H8adonetWPF", "H8adonetWPF\H8adonetWPF.csproj", "{C9414054-4E06-4D6F-9243-6032A3AA6CA2}"
EndProject
Project("{FAE04EC0-301F-11D3-BF4B-00C04F79EFBC}") = "Viiniasiakkaat", "Viiniasiakkaat\Viiniasiakkaat.csproj", "{7E499F96-31C9-4FD9-8B51-48F61C25EA41}"
EndProject
Global
	GlobalSection(SolutionConfigurationPlatforms) = preSolution
		Debug|Any CPU = Debug|Any CPU
		Release|Any CPU = Release|Any CPU
	EndGlobalSection
	GlobalSection(ProjectConfigurationPlatforms) = postSolution
		{BBFDB3F8-2232-4C51-A154-1DFFF2E75FE7}.Debug|Any CPU.ActiveCfg = Debug|Any CPU
		{BBFDB3F8-2232-4C51-A154-1DFFF2E75FE7}.Debug|Any CPU.Build.0 = Debug|Any CPU
		{BBFDB3F8-2232-4C51-A154-1DFFF2E75FE7}.Release|Any CPU.ActiveCfg = Release|Any CPU
		{BBFDB3F8-2232-4C51-A154-1DFFF2E75FE7}.Release|Any CPU.Build.0 = Release|Any CPU
		{5B5C5E54-9599-4ABA-A52B-D80DC91AC298}.Debug|Any CPU.ActiveCfg = Debug|Any CPU
		{5B5C5E54-9599-4ABA-A52B-D80DC91AC298}.Debug|Any CPU.Build.0 = Debug|Any CPU
		{5B5C5E54-9599-4ABA-A52B-D80DC91AC298}.Release|Any CPU.ActiveCfg = Release|Any CPU
		{5B5C5E54-9599-4ABA-A52B-D80DC91AC298}.Release|Any CPU.Build.0 = Release|Any CPU
		{511DF639-C5B9-4547-9EEF-B343BA40F0A6}.Debug|Any CPU.ActiveCfg = Debug|Any CPU
		{511DF639-C5B9-4547-9EEF-B343BA40F0A6}.Debug|Any CPU.Build.0 = Debug|Any CPU
		{511DF639-C5B9-4547-9EEF-B343BA40F0A6}.Release|Any CPU.ActiveCfg = Release|Any CPU
		{511DF639-C5B9-4547-9EEF-B343BA40F0A6}.Release|Any CPU.Build.0 = Release|Any CPU
		{8E18F019-4FFD-4202-9C73-0EA0DAE3521B}.Debug|Any CPU.ActiveCfg = Debug|Any CPU
		{8E18F019-4FFD-4202-9C73-0EA0DAE3521B}.Debug|Any CPU.Build.0 = Debug|Any CPU
		{8E18F019-4FFD-4202-9C73-0EA0DAE3521B}.Release|Any CPU.ActiveCfg = Release|Any CPU
		{8E18F019-4FFD-4202-9C73-0EA0DAE3521B}.Release|Any CPU.Build.0 = Release|Any CPU
		{32AC2BCC-658C-4E00-9E2F-622ABB660ABB}.Debug|Any CPU.ActiveCfg = Debug|Any CPU
		{32AC2BCC-658C-4E00-9E2F-622ABB660ABB}.Debug|Any CPU.Build.0 = Debug|Any CPU
		{32AC2BCC-658C-4E00-9E2F-622ABB660ABB}.Release|Any CPU.ActiveCfg = Release|Any CPU
		{32AC2BCC-658C-4E00-9E2F-622ABB660ABB}.Release|Any CPU.Build.0 = Release|Any CPU
		{266523B5-267F-406F-AB48-A340C3D4A46D}.Debug|Any CPU.ActiveCfg = Debug|Any CPU
		{266523B5-267F-406F-AB48-A340C3D4A46D}.Debug|Any CPU.Build.0 = Debug|Any CPU
		{266523B5-267F-406F-AB48-A340C3D4A46D}.Release|Any CPU.ActiveCfg = Release|Any CPU
		{266523B5-267F-406F-AB48-A340C3D4A46D}.Release|Any CPU.Build.0 = Release|Any CPU
		{4FF94537-F7BE-4E8A-93F6-E1A2FC933AAA}.Debug|Any CPU.ActiveCfg = Debug|Any CPU
		{4FF94537-F7BE-4E8A-93F6-E1A2FC933AAA}.Debug|Any CPU.Build.0 = Debug|Any CPU
		{4FF94537-F7BE-4E8A-93F6-E1A2FC933AAA}.Release|Any CPU.ActiveCfg = Release|Any CPU
		{4FF94537-F7BE-4E8A-93F6-E1A2FC933AAA}.Release|Any CPU.Build.0 = Release|Any CPU
		{E885490A-4B3F-43B9-87D8-19E45D0D5B0E}.Debug|Any CPU.ActiveCfg = Debug|Any CPU
		{E885490A-4B3F-43B9-87D8-19E45D0D5B0E}.Debug|Any CPU.Build.0 = Debug|Any CPU
		{E885490A-4B3F-43B9-87D8-19E45D0D5B0E}.Release|Any CPU.ActiveCfg = Release|Any CPU
		{E885490A-4B3F-43B9-87D8-19E45D0D5B0E}.Release|Any CPU.Build.0 = Release|Any CPU
		{6564B841-DB53-4784-8F5A-38AEB3AC1960}.Debug|Any CPU.ActiveCfg = Debug|Any CPU
		{6564B841-DB53-4784-8F5A-38AEB3AC1960}.Debug|Any CPU.Build.0 = Debug|Any CPU
		{6564B841-DB53-4784-8F5A-38AEB3AC1960}.Release|Any CPU.ActiveCfg = Release|Any CPU
		{6564B841-DB53-4784-8F5A-38AEB3AC1960}.Release|Any CPU.Build.0 = Release|Any CPU
		{DC814B64-2FBC-4F4D-97E0-BF1CB81C7728}.Debug|Any CPU.ActiveCfg = Debug|Any CPU
		{DC814B64-2FBC-4F4D-97E0-BF1CB81C7728}.Debug|Any CPU.Build.0 = Debug|Any CPU
		{DC814B64-2FBC-4F4D-97E0-BF1CB81C7728}.Release|Any CPU.ActiveCfg = Release|Any CPU
		{DC814B64-2FBC-4F4D-97E0-BF1CB81C7728}.Release|Any CPU.Build.0 = Release|Any CPU
		{BCBBC0E8-20EC-4FC9-81FE-097FB1BB1748}.Debug|Any CPU.ActiveCfg = Debug|Any CPU
		{BCBBC0E8-20EC-4FC9-81FE-097FB1BB1748}.Debug|Any CPU.Build.0 = Debug|Any CPU
		{BCBBC0E8-20EC-4FC9-81FE-097FB1BB1748}.Release|Any CPU.ActiveCfg = Release|Any CPU
		{BCBBC0E8-20EC-4FC9-81FE-097FB1BB1748}.Release|Any CPU.Build.0 = Release|Any CPU
		{C9414054-4E06-4D6F-9243-6032A3AA6CA2}.Debug|Any CPU.ActiveCfg = Debug|Any CPU
		{C9414054-4E06-4D6F-9243-6032A3AA6CA2}.Debug|Any CPU.Build.0 = Debug|Any CPU
		{C9414054-4E06-4D6F-9243-6032A3AA6CA2}.Release|Any CPU.ActiveCfg = Release|Any CPU
		{C9414054-4E06-4D6F-9243-6032A3AA6CA2}.Release|Any CPU.Build.0 = Release|Any CPU
		{7E499F96-31C9-4FD9-8B51-48F61C25EA41}.Debug|Any CPU.ActiveCfg = Debug|Any CPU
		{7E499F96-31C9-4FD9-8B51-48F61C25EA41}.Debug|Any CPU.Build.0 = Debug|Any CPU
		{7E499F96-31C9-4FD9-8B51-48F61C25EA41}.Release|Any CPU.ActiveCfg = Release|Any CPU
		{7E499F96-31C9-4FD9-8B51-48F61C25EA41}.Release|Any CPU.Build.0 = Release|Any CPU
	EndGlobalSection
	GlobalSection(SolutionProperties) = preSolution
		HideSolutionNode = FALSE
	EndGlobalSection
EndGlobal
